
Microsoft Visual Studio Solution File, Format Version 12.00
# Visual Studio Version 17
VisualStudioVersion = 17.7.34221.43
MinimumVisualStudioVersion = 10.0.40219.1
Project("{FAE04EC0-301F-11D3-BF4B-00C04F79EFBC}") = "Stage0", "Stage0\Stage0.csproj", "{FFDF6D87-4CB0-4B82-9946-78D39FAAD86B}"
EndProject
Global
	GlobalSection(SolutionConfigurationPlatforms) = preSolution
		Debug|Any CPU = Debug|Any CPU
		Release|Any CPU = Release|Any CPU
	EndGlobalSection
	GlobalSection(ProjectConfigurationPlatforms) = postSolution
		{FFDF6D87-4CB0-4B82-9946-78D39FAAD86B}.Debug|Any CPU.ActiveCfg = Debug|Any CPU
		{FFDF6D87-4CB0-4B82-9946-78D39FAAD86B}.Debug|Any CPU.Build.0 = Debug|Any CPU
		{FFDF6D87-4CB0-4B82-9946-78D39FAAD86B}.Release|Any CPU.ActiveCfg = Release|Any CPU
		{FFDF6D87-4CB0-4B82-9946-78D39FAAD86B}.Release|Any CPU.Build.0 = Release|Any CPU
	EndGlobalSection
	GlobalSection(SolutionProperties) = preSolution
		HideSolutionNode = FALSE
	EndGlobalSection
	GlobalSection(ExtensibilityGlobals) = postSolution
		SolutionGuid = {1622A20E-7F0B-4EF0-9A44-6C769F1ADFB1}
	EndGlobalSection
EndGlobal
