
Microsoft Visual Studio Solution File, Format Version 12.00
# Visual Studio Version 17
VisualStudioVersion = 17.7.34221.43
MinimumVisualStudioVersion = 10.0.40219.1
Project("{9A19103F-16F7-4668-BE54-9A1E7A4F7556}") = "Stage0", "Stage0\Stage0.csproj", "{FFDF6D87-4CB0-4B82-9946-78D39FAAD86B}"
EndProject
Project("{2150E333-8FDC-42A3-9474-1A3956D46DE8}") = "Solution Items", "Solution Items", "{0E778DEA-CB1F-414F-BB93-6475C2A7F14D}"
	ProjectSection(SolutionItems) = preProject
		README.md = README.md
	EndProjectSection
EndProject
Project("{9A19103F-16F7-4668-BE54-9A1E7A4F7556}") = "DalFacade", "DalFacade\DalFacade.csproj", "{BE83BD88-A537-4A2E-8DA1-52C6D460D472}"
EndProject
Project("{9A19103F-16F7-4668-BE54-9A1E7A4F7556}") = "DalList", "DalList\DalList.csproj", "{37C999D0-3462-4701-A777-49A8ED565520}"
EndProject
Project("{9A19103F-16F7-4668-BE54-9A1E7A4F7556}") = "DalTest", "DalTest\DalTest.csproj", "{8B265133-13EA-4019-BCDE-BB9C8771B566}"
EndProject
Project("{9A19103F-16F7-4668-BE54-9A1E7A4F7556}") = "DalXml", "DalXml\DalXml.csproj", "{FDE52B79-4D8D-4277-962B-B12A05EDBFAD}"
EndProject
Project("{2150E333-8FDC-42A3-9474-1A3956D46DE8}") = "xml", "xml", "{9F0FA968-D939-4D0B-AF3A-73F598B223FD}"
	ProjectSection(SolutionItems) = preProject
		DalXml\dal-config.xml = DalXml\dal-config.xml
		xml\data-config.xml = xml\data-config.xml
		xml\dependencies.xml = xml\dependencies.xml
		xml\engineers.xml = xml\engineers.xml
		xml\tasks.xml = xml\tasks.xml
	EndProjectSection
EndProject
Project("{9A19103F-16F7-4668-BE54-9A1E7A4F7556}") = "BL", "BL\BL.csproj", "{2959EC95-418E-4EAC-877C-47109231268A}"
EndProject
Project("{9A19103F-16F7-4668-BE54-9A1E7A4F7556}") = "BlTest", "BlTast\BlTest.csproj", "{050067D1-47B8-4FE5-A622-CB700DE37B83}"
EndProject
Global
	GlobalSection(SolutionConfigurationPlatforms) = preSolution
		Debug|Any CPU = Debug|Any CPU
		Release|Any CPU = Release|Any CPU
	EndGlobalSection
	GlobalSection(ProjectConfigurationPlatforms) = postSolution
		{FFDF6D87-4CB0-4B82-9946-78D39FAAD86B}.Debug|Any CPU.ActiveCfg = Debug|Any CPU
		{FFDF6D87-4CB0-4B82-9946-78D39FAAD86B}.Debug|Any CPU.Build.0 = Debug|Any CPU
		{FFDF6D87-4CB0-4B82-9946-78D39FAAD86B}.Release|Any CPU.ActiveCfg = Release|Any CPU
		{FFDF6D87-4CB0-4B82-9946-78D39FAAD86B}.Release|Any CPU.Build.0 = Release|Any CPU
		{BE83BD88-A537-4A2E-8DA1-52C6D460D472}.Debug|Any CPU.ActiveCfg = Debug|Any CPU
		{BE83BD88-A537-4A2E-8DA1-52C6D460D472}.Debug|Any CPU.Build.0 = Debug|Any CPU
		{BE83BD88-A537-4A2E-8DA1-52C6D460D472}.Release|Any CPU.ActiveCfg = Release|Any CPU
		{BE83BD88-A537-4A2E-8DA1-52C6D460D472}.Release|Any CPU.Build.0 = Release|Any CPU
		{37C999D0-3462-4701-A777-49A8ED565520}.Debug|Any CPU.ActiveCfg = Debug|Any CPU
		{37C999D0-3462-4701-A777-49A8ED565520}.Debug|Any CPU.Build.0 = Debug|Any CPU
		{37C999D0-3462-4701-A777-49A8ED565520}.Release|Any CPU.ActiveCfg = Release|Any CPU
		{37C999D0-3462-4701-A777-49A8ED565520}.Release|Any CPU.Build.0 = Release|Any CPU
		{8B265133-13EA-4019-BCDE-BB9C8771B566}.Debug|Any CPU.ActiveCfg = Debug|Any CPU
		{8B265133-13EA-4019-BCDE-BB9C8771B566}.Debug|Any CPU.Build.0 = Debug|Any CPU
		{8B265133-13EA-4019-BCDE-BB9C8771B566}.Release|Any CPU.ActiveCfg = Release|Any CPU
		{8B265133-13EA-4019-BCDE-BB9C8771B566}.Release|Any CPU.Build.0 = Release|Any CPU
		{FDE52B79-4D8D-4277-962B-B12A05EDBFAD}.Debug|Any CPU.ActiveCfg = Debug|Any CPU
		{FDE52B79-4D8D-4277-962B-B12A05EDBFAD}.Debug|Any CPU.Build.0 = Debug|Any CPU
		{FDE52B79-4D8D-4277-962B-B12A05EDBFAD}.Release|Any CPU.ActiveCfg = Release|Any CPU
		{FDE52B79-4D8D-4277-962B-B12A05EDBFAD}.Release|Any CPU.Build.0 = Release|Any CPU
		{2959EC95-418E-4EAC-877C-47109231268A}.Debug|Any CPU.ActiveCfg = Debug|Any CPU
		{2959EC95-418E-4EAC-877C-47109231268A}.Debug|Any CPU.Build.0 = Debug|Any CPU
		{2959EC95-418E-4EAC-877C-47109231268A}.Release|Any CPU.ActiveCfg = Release|Any CPU
		{2959EC95-418E-4EAC-877C-47109231268A}.Release|Any CPU.Build.0 = Release|Any CPU
		{050067D1-47B8-4FE5-A622-CB700DE37B83}.Debug|Any CPU.ActiveCfg = Debug|Any CPU
		{050067D1-47B8-4FE5-A622-CB700DE37B83}.Debug|Any CPU.Build.0 = Debug|Any CPU
		{050067D1-47B8-4FE5-A622-CB700DE37B83}.Release|Any CPU.ActiveCfg = Release|Any CPU
		{050067D1-47B8-4FE5-A622-CB700DE37B83}.Release|Any CPU.Build.0 = Release|Any CPU
	EndGlobalSection
	GlobalSection(SolutionProperties) = preSolution
		HideSolutionNode = FALSE
	EndGlobalSection
	GlobalSection(ExtensibilityGlobals) = postSolution
		SolutionGuid = {1622A20E-7F0B-4EF0-9A44-6C769F1ADFB1}
	EndGlobalSection
EndGlobal
